# This file is automatically @generated by Cargo.
# It is not intended for manual editing.
version = 4

[[package]]
name = "nex-ast"
version = "0.1.0"

[[package]]
name = "nex-cli"
version = "0.1.0"

[[package]]
name = "nex-int"
version = "0.1.0"

[[package]]
name = "nex-lex"
version = "0.1.0"

[[package]]
name = "nex-parse"
version = "0.1.0"
